<Solution>
  <Project Path="../ArrayPractice/ArrayPractice.csproj" Id="e4bd6bff-10ce-48ed-9933-e409824f7e03" />
  <Project Path="../Library Management System/Library Management System.csproj" Id="b3a1741d-95d5-44bb-857c-b801bea126dd" />
  <Project Path="../ListPart2/ListPart2.csproj" Id="4e8e38c1-f199-44fb-8e60-bf8ef30fd1fd" />
  <Project Path="../ListPractice/ListPractice.csproj" Id="fe35e915-f6ca-4ca4-b90c-5f74871f68c7" />
  <Project Path="../loanSystem/loanSystem.csproj" Id="d6bdaf34-2686-42ad-bb9c-8faca52ac361" />
  <Project Path="../Mini Flight Management System/Mini Flight Management System.csproj" Id="59001ccf-32ae-45af-83a1-97010a776db3" />
  <Project Path="../StackPractice/StackPractice.csproj" Id="16e24586-c334-46ba-9adf-a36c1dbbced9" />
  <Project Path="../SystemStorage/SystemStorage.csproj" Id="05d1ba4b-e595-4ea9-8c3f-d75b9c6033e8" />
  <Project Path="CsharpTraining.csproj" />
</Solution>
